
Microsoft Visual Studio Solution File, Format Version 12.00
# Visual Studio Version 17
VisualStudioVersion = 17.7.34024.191
MinimumVisualStudioVersion = 10.0.40219.1
Project("{FAE04EC0-301F-11D3-BF4B-00C04F79EFBC}") = "ExceptionsOOP", "ExceptionsOOP.csproj", "{2D07728E-F95A-40FA-9A02-B2873C8D95F4}"
EndProject
Global
	GlobalSection(SolutionConfigurationPlatforms) = preSolution
		Debug|Any CPU = Debug|Any CPU
		Release|Any CPU = Release|Any CPU
	EndGlobalSection
	GlobalSection(ProjectConfigurationPlatforms) = postSolution
		{2D07728E-F95A-40FA-9A02-B2873C8D95F4}.Debug|Any CPU.ActiveCfg = Debug|Any CPU
		{2D07728E-F95A-40FA-9A02-B2873C8D95F4}.Debug|Any CPU.Build.0 = Debug|Any CPU
		{2D07728E-F95A-40FA-9A02-B2873C8D95F4}.Release|Any CPU.ActiveCfg = Release|Any CPU
		{2D07728E-F95A-40FA-9A02-B2873C8D95F4}.Release|Any CPU.Build.0 = Release|Any CPU
	EndGlobalSection
	GlobalSection(SolutionProperties) = preSolution
		HideSolutionNode = FALSE
	EndGlobalSection
	GlobalSection(ExtensibilityGlobals) = postSolution
		SolutionGuid = {1015B29A-B5EC-42F8-8696-C06A0216EE73}
	EndGlobalSection
EndGlobal
